
Microsoft Visual Studio Solution File, Format Version 12.00
# Visual Studio 15
VisualStudioVersion = 15.0.28307.1267
MinimumVisualStudioVersion = 10.0.40219.1
Project("{FAE04EC0-301F-11D3-BF4B-00C04F79EFBC}") = "laba7", "ConsoleApp1\laba7.csproj", "{CB28F8F8-19D8-424E-BE58-A095D5567185}"
EndProject
Project("{FAE04EC0-301F-11D3-BF4B-00C04F79EFBC}") = "doplaba7", "doplaba7\doplaba7.csproj", "{A43DB9EA-74FE-4012-AF10-6E337B1542E9}"
EndProject
Project("{FAE04EC0-301F-11D3-BF4B-00C04F79EFBC}") = "NeLaba", "NeLaba\NeLaba.csproj", "{902B0101-B93F-47D5-A17D-2C1818879D0D}"
EndProject
Project("{FAE04EC0-301F-11D3-BF4B-00C04F79EFBC}") = "laba8", "laba8\laba8.csproj", "{46AF0DC3-DCF9-465E-8B76-6FFE39FB7361}"
EndProject
Project("{FAE04EC0-301F-11D3-BF4B-00C04F79EFBC}") = "srez", "srez\srez.csproj", "{2F602F28-1023-434E-82C7-B18332D301E3}"
EndProject
Project("{FAE04EC0-301F-11D3-BF4B-00C04F79EFBC}") = "laba9", "laba9\laba9.csproj", "{7E786CBA-A4C3-40C9-B1DB-DDF382A5C88B}"
EndProject
Project("{FAE04EC0-301F-11D3-BF4B-00C04F79EFBC}") = "labaa10", "labaa10\labaa10.csproj", "{2914935A-3261-40D1-8EC8-07D3BE3E8A8D}"
EndProject
Project("{FAE04EC0-301F-11D3-BF4B-00C04F79EFBC}") = "doplaba10", "doplaba10\doplaba10.csproj", "{05CDCB04-29B6-4F91-8F53-643FF69E9B73}"
EndProject
Project("{FAE04EC0-301F-11D3-BF4B-00C04F79EFBC}") = "laba11", "laba11\laba11.csproj", "{304A25BD-F202-4DF2-98FB-FD8F2B535976}"
EndProject
Project("{FAE04EC0-301F-11D3-BF4B-00C04F79EFBC}") = "laba11_first", "laba11_first\laba11_first.csproj", "{3B7C8BD4-16B5-4A7D-93E8-E487E3BEE92D}"
EndProject
Project("{FAE04EC0-301F-11D3-BF4B-00C04F79EFBC}") = "laba13", "laba13.1\laba13.csproj", "{F341A53C-8081-4199-8E12-9E8D7191E9AC}"
EndProject
Project("{FAE04EC0-301F-11D3-BF4B-00C04F79EFBC}") = "lab13", "lab13\lab13.csproj", "{9C80C915-8F4B-42DB-8965-0F7142EDCF59}"
EndProject
Global
	GlobalSection(SolutionConfigurationPlatforms) = preSolution
		Debug|Any CPU = Debug|Any CPU
		Debug|x64 = Debug|x64
		Debug|x86 = Debug|x86
		Release|Any CPU = Release|Any CPU
		Release|x64 = Release|x64
		Release|x86 = Release|x86
	EndGlobalSection
	GlobalSection(ProjectConfigurationPlatforms) = postSolution
		{CB28F8F8-19D8-424E-BE58-A095D5567185}.Debug|Any CPU.ActiveCfg = Debug|Any CPU
		{CB28F8F8-19D8-424E-BE58-A095D5567185}.Debug|Any CPU.Build.0 = Debug|Any CPU
		{CB28F8F8-19D8-424E-BE58-A095D5567185}.Debug|x64.ActiveCfg = Debug|Any CPU
		{CB28F8F8-19D8-424E-BE58-A095D5567185}.Debug|x64.Build.0 = Debug|Any CPU
		{CB28F8F8-19D8-424E-BE58-A095D5567185}.Debug|x86.ActiveCfg = Debug|Any CPU
		{CB28F8F8-19D8-424E-BE58-A095D5567185}.Debug|x86.Build.0 = Debug|Any CPU
		{CB28F8F8-19D8-424E-BE58-A095D5567185}.Release|Any CPU.ActiveCfg = Release|Any CPU
		{CB28F8F8-19D8-424E-BE58-A095D5567185}.Release|Any CPU.Build.0 = Release|Any CPU
		{CB28F8F8-19D8-424E-BE58-A095D5567185}.Release|x64.ActiveCfg = Release|Any CPU
		{CB28F8F8-19D8-424E-BE58-A095D5567185}.Release|x64.Build.0 = Release|Any CPU
		{CB28F8F8-19D8-424E-BE58-A095D5567185}.Release|x86.ActiveCfg = Release|Any CPU
		{CB28F8F8-19D8-424E-BE58-A095D5567185}.Release|x86.Build.0 = Release|Any CPU
		{A43DB9EA-74FE-4012-AF10-6E337B1542E9}.Debug|Any CPU.ActiveCfg = Debug|Any CPU
		{A43DB9EA-74FE-4012-AF10-6E337B1542E9}.Debug|Any CPU.Build.0 = Debug|Any CPU
		{A43DB9EA-74FE-4012-AF10-6E337B1542E9}.Debug|x64.ActiveCfg = Debug|Any CPU
		{A43DB9EA-74FE-4012-AF10-6E337B1542E9}.Debug|x64.Build.0 = Debug|Any CPU
		{A43DB9EA-74FE-4012-AF10-6E337B1542E9}.Debug|x86.ActiveCfg = Debug|Any CPU
		{A43DB9EA-74FE-4012-AF10-6E337B1542E9}.Debug|x86.Build.0 = Debug|Any CPU
		{A43DB9EA-74FE-4012-AF10-6E337B1542E9}.Release|Any CPU.ActiveCfg = Release|Any CPU
		{A43DB9EA-74FE-4012-AF10-6E337B1542E9}.Release|Any CPU.Build.0 = Release|Any CPU
		{A43DB9EA-74FE-4012-AF10-6E337B1542E9}.Release|x64.ActiveCfg = Release|Any CPU
		{A43DB9EA-74FE-4012-AF10-6E337B1542E9}.Release|x64.Build.0 = Release|Any CPU
		{A43DB9EA-74FE-4012-AF10-6E337B1542E9}.Release|x86.ActiveCfg = Release|Any CPU
		{A43DB9EA-74FE-4012-AF10-6E337B1542E9}.Release|x86.Build.0 = Release|Any CPU
		{902B0101-B93F-47D5-A17D-2C1818879D0D}.Debug|Any CPU.ActiveCfg = Debug|Any CPU
		{902B0101-B93F-47D5-A17D-2C1818879D0D}.Debug|Any CPU.Build.0 = Debug|Any CPU
		{902B0101-B93F-47D5-A17D-2C1818879D0D}.Debug|x64.ActiveCfg = Debug|Any CPU
		{902B0101-B93F-47D5-A17D-2C1818879D0D}.Debug|x64.Build.0 = Debug|Any CPU
		{902B0101-B93F-47D5-A17D-2C1818879D0D}.Debug|x86.ActiveCfg = Debug|Any CPU
		{902B0101-B93F-47D5-A17D-2C1818879D0D}.Debug|x86.Build.0 = Debug|Any CPU
		{902B0101-B93F-47D5-A17D-2C1818879D0D}.Release|Any CPU.ActiveCfg = Release|Any CPU
		{902B0101-B93F-47D5-A17D-2C1818879D0D}.Release|Any CPU.Build.0 = Release|Any CPU
		{902B0101-B93F-47D5-A17D-2C1818879D0D}.Release|x64.ActiveCfg = Release|Any CPU
		{902B0101-B93F-47D5-A17D-2C1818879D0D}.Release|x64.Build.0 = Release|Any CPU
		{902B0101-B93F-47D5-A17D-2C1818879D0D}.Release|x86.ActiveCfg = Release|Any CPU
		{902B0101-B93F-47D5-A17D-2C1818879D0D}.Release|x86.Build.0 = Release|Any CPU
		{46AF0DC3-DCF9-465E-8B76-6FFE39FB7361}.Debug|Any CPU.ActiveCfg = Debug|Any CPU
		{46AF0DC3-DCF9-465E-8B76-6FFE39FB7361}.Debug|Any CPU.Build.0 = Debug|Any CPU
		{46AF0DC3-DCF9-465E-8B76-6FFE39FB7361}.Debug|x64.ActiveCfg = Debug|Any CPU
		{46AF0DC3-DCF9-465E-8B76-6FFE39FB7361}.Debug|x64.Build.0 = Debug|Any CPU
		{46AF0DC3-DCF9-465E-8B76-6FFE39FB7361}.Debug|x86.ActiveCfg = Debug|Any CPU
		{46AF0DC3-DCF9-465E-8B76-6FFE39FB7361}.Debug|x86.Build.0 = Debug|Any CPU
		{46AF0DC3-DCF9-465E-8B76-6FFE39FB7361}.Release|Any CPU.ActiveCfg = Release|Any CPU
		{46AF0DC3-DCF9-465E-8B76-6FFE39FB7361}.Release|Any CPU.Build.0 = Release|Any CPU
		{46AF0DC3-DCF9-465E-8B76-6FFE39FB7361}.Release|x64.ActiveCfg = Release|Any CPU
		{46AF0DC3-DCF9-465E-8B76-6FFE39FB7361}.Release|x64.Build.0 = Release|Any CPU
		{46AF0DC3-DCF9-465E-8B76-6FFE39FB7361}.Release|x86.ActiveCfg = Release|Any CPU
		{46AF0DC3-DCF9-465E-8B76-6FFE39FB7361}.Release|x86.Build.0 = Release|Any CPU
		{2F602F28-1023-434E-82C7-B18332D301E3}.Debug|Any CPU.ActiveCfg = Debug|Any CPU
		{2F602F28-1023-434E-82C7-B18332D301E3}.Debug|Any CPU.Build.0 = Debug|Any CPU
		{2F602F28-1023-434E-82C7-B18332D301E3}.Debug|x64.ActiveCfg = Debug|Any CPU
		{2F602F28-1023-434E-82C7-B18332D301E3}.Debug|x64.Build.0 = Debug|Any CPU
		{2F602F28-1023-434E-82C7-B18332D301E3}.Debug|x86.ActiveCfg = Debug|Any CPU
		{2F602F28-1023-434E-82C7-B18332D301E3}.Debug|x86.Build.0 = Debug|Any CPU
		{2F602F28-1023-434E-82C7-B18332D301E3}.Release|Any CPU.ActiveCfg = Release|Any CPU
		{2F602F28-1023-434E-82C7-B18332D301E3}.Release|Any CPU.Build.0 = Release|Any CPU
		{2F602F28-1023-434E-82C7-B18332D301E3}.Release|x64.ActiveCfg = Release|Any CPU
		{2F602F28-1023-434E-82C7-B18332D301E3}.Release|x64.Build.0 = Release|Any CPU
		{2F602F28-1023-434E-82C7-B18332D301E3}.Release|x86.ActiveCfg = Release|Any CPU
		{2F602F28-1023-434E-82C7-B18332D301E3}.Release|x86.Build.0 = Release|Any CPU
		{7E786CBA-A4C3-40C9-B1DB-DDF382A5C88B}.Debug|Any CPU.ActiveCfg = Debug|Any CPU
		{7E786CBA-A4C3-40C9-B1DB-DDF382A5C88B}.Debug|Any CPU.Build.0 = Debug|Any CPU
		{7E786CBA-A4C3-40C9-B1DB-DDF382A5C88B}.Debug|x64.ActiveCfg = Debug|Any CPU
		{7E786CBA-A4C3-40C9-B1DB-DDF382A5C88B}.Debug|x64.Build.0 = Debug|Any CPU
		{7E786CBA-A4C3-40C9-B1DB-DDF382A5C88B}.Debug|x86.ActiveCfg = Debug|Any CPU
		{7E786CBA-A4C3-40C9-B1DB-DDF382A5C88B}.Debug|x86.Build.0 = Debug|Any CPU
		{7E786CBA-A4C3-40C9-B1DB-DDF382A5C88B}.Release|Any CPU.ActiveCfg = Release|Any CPU
		{7E786CBA-A4C3-40C9-B1DB-DDF382A5C88B}.Release|Any CPU.Build.0 = Release|Any CPU
		{7E786CBA-A4C3-40C9-B1DB-DDF382A5C88B}.Release|x64.ActiveCfg = Release|Any CPU
		{7E786CBA-A4C3-40C9-B1DB-DDF382A5C88B}.Release|x64.Build.0 = Release|Any CPU
		{7E786CBA-A4C3-40C9-B1DB-DDF382A5C88B}.Release|x86.ActiveCfg = Release|Any CPU
		{7E786CBA-A4C3-40C9-B1DB-DDF382A5C88B}.Release|x86.Build.0 = Release|Any CPU
		{2914935A-3261-40D1-8EC8-07D3BE3E8A8D}.Debug|Any CPU.ActiveCfg = Debug|Any CPU
		{2914935A-3261-40D1-8EC8-07D3BE3E8A8D}.Debug|Any CPU.Build.0 = Debug|Any CPU
		{2914935A-3261-40D1-8EC8-07D3BE3E8A8D}.Debug|x64.ActiveCfg = Debug|Any CPU
		{2914935A-3261-40D1-8EC8-07D3BE3E8A8D}.Debug|x64.Build.0 = Debug|Any CPU
		{2914935A-3261-40D1-8EC8-07D3BE3E8A8D}.Debug|x86.ActiveCfg = Debug|Any CPU
		{2914935A-3261-40D1-8EC8-07D3BE3E8A8D}.Debug|x86.Build.0 = Debug|Any CPU
		{2914935A-3261-40D1-8EC8-07D3BE3E8A8D}.Release|Any CPU.ActiveCfg = Release|Any CPU
		{2914935A-3261-40D1-8EC8-07D3BE3E8A8D}.Release|Any CPU.Build.0 = Release|Any CPU
		{2914935A-3261-40D1-8EC8-07D3BE3E8A8D}.Release|x64.ActiveCfg = Release|Any CPU
		{2914935A-3261-40D1-8EC8-07D3BE3E8A8D}.Release|x64.Build.0 = Release|Any CPU
		{2914935A-3261-40D1-8EC8-07D3BE3E8A8D}.Release|x86.ActiveCfg = Release|Any CPU
		{2914935A-3261-40D1-8EC8-07D3BE3E8A8D}.Release|x86.Build.0 = Release|Any CPU
		{05CDCB04-29B6-4F91-8F53-643FF69E9B73}.Debug|Any CPU.ActiveCfg = Debug|Any CPU
		{05CDCB04-29B6-4F91-8F53-643FF69E9B73}.Debug|Any CPU.Build.0 = Debug|Any CPU
		{05CDCB04-29B6-4F91-8F53-643FF69E9B73}.Debug|x64.ActiveCfg = Debug|Any CPU
		{05CDCB04-29B6-4F91-8F53-643FF69E9B73}.Debug|x64.Build.0 = Debug|Any CPU
		{05CDCB04-29B6-4F91-8F53-643FF69E9B73}.Debug|x86.ActiveCfg = Debug|Any CPU
		{05CDCB04-29B6-4F91-8F53-643FF69E9B73}.Debug|x86.Build.0 = Debug|Any CPU
		{05CDCB04-29B6-4F91-8F53-643FF69E9B73}.Release|Any CPU.ActiveCfg = Release|Any CPU
		{05CDCB04-29B6-4F91-8F53-643FF69E9B73}.Release|Any CPU.Build.0 = Release|Any CPU
		{05CDCB04-29B6-4F91-8F53-643FF69E9B73}.Release|x64.ActiveCfg = Release|Any CPU
		{05CDCB04-29B6-4F91-8F53-643FF69E9B73}.Release|x64.Build.0 = Release|Any CPU
		{05CDCB04-29B6-4F91-8F53-643FF69E9B73}.Release|x86.ActiveCfg = Release|Any CPU
		{05CDCB04-29B6-4F91-8F53-643FF69E9B73}.Release|x86.Build.0 = Release|Any CPU
		{304A25BD-F202-4DF2-98FB-FD8F2B535976}.Debug|Any CPU.ActiveCfg = Debug|Any CPU
		{304A25BD-F202-4DF2-98FB-FD8F2B535976}.Debug|Any CPU.Build.0 = Debug|Any CPU
		{304A25BD-F202-4DF2-98FB-FD8F2B535976}.Debug|x64.ActiveCfg = Debug|Any CPU
		{304A25BD-F202-4DF2-98FB-FD8F2B535976}.Debug|x64.Build.0 = Debug|Any CPU
		{304A25BD-F202-4DF2-98FB-FD8F2B535976}.Debug|x86.ActiveCfg = Debug|Any CPU
		{304A25BD-F202-4DF2-98FB-FD8F2B535976}.Debug|x86.Build.0 = Debug|Any CPU
		{304A25BD-F202-4DF2-98FB-FD8F2B535976}.Release|Any CPU.ActiveCfg = Release|Any CPU
		{304A25BD-F202-4DF2-98FB-FD8F2B535976}.Release|Any CPU.Build.0 = Release|Any CPU
		{304A25BD-F202-4DF2-98FB-FD8F2B535976}.Release|x64.ActiveCfg = Release|Any CPU
		{304A25BD-F202-4DF2-98FB-FD8F2B535976}.Release|x64.Build.0 = Release|Any CPU
		{304A25BD-F202-4DF2-98FB-FD8F2B535976}.Release|x86.ActiveCfg = Release|Any CPU
		{304A25BD-F202-4DF2-98FB-FD8F2B535976}.Release|x86.Build.0 = Release|Any CPU
		{3B7C8BD4-16B5-4A7D-93E8-E487E3BEE92D}.Debug|Any CPU.ActiveCfg = Debug|Any CPU
		{3B7C8BD4-16B5-4A7D-93E8-E487E3BEE92D}.Debug|Any CPU.Build.0 = Debug|Any CPU
		{3B7C8BD4-16B5-4A7D-93E8-E487E3BEE92D}.Debug|x64.ActiveCfg = Debug|Any CPU
		{3B7C8BD4-16B5-4A7D-93E8-E487E3BEE92D}.Debug|x64.Build.0 = Debug|Any CPU
		{3B7C8BD4-16B5-4A7D-93E8-E487E3BEE92D}.Debug|x86.ActiveCfg = Debug|Any CPU
		{3B7C8BD4-16B5-4A7D-93E8-E487E3BEE92D}.Debug|x86.Build.0 = Debug|Any CPU
		{3B7C8BD4-16B5-4A7D-93E8-E487E3BEE92D}.Release|Any CPU.ActiveCfg = Release|Any CPU
		{3B7C8BD4-16B5-4A7D-93E8-E487E3BEE92D}.Release|Any CPU.Build.0 = Release|Any CPU
		{3B7C8BD4-16B5-4A7D-93E8-E487E3BEE92D}.Release|x64.ActiveCfg = Release|Any CPU
		{3B7C8BD4-16B5-4A7D-93E8-E487E3BEE92D}.Release|x64.Build.0 = Release|Any CPU
		{3B7C8BD4-16B5-4A7D-93E8-E487E3BEE92D}.Release|x86.ActiveCfg = Release|Any CPU
		{3B7C8BD4-16B5-4A7D-93E8-E487E3BEE92D}.Release|x86.Build.0 = Release|Any CPU
		{F341A53C-8081-4199-8E12-9E8D7191E9AC}.Debug|Any CPU.ActiveCfg = Debug|Any CPU
		{F341A53C-8081-4199-8E12-9E8D7191E9AC}.Debug|Any CPU.Build.0 = Debug|Any CPU
		{F341A53C-8081-4199-8E12-9E8D7191E9AC}.Debug|x64.ActiveCfg = Debug|Any CPU
		{F341A53C-8081-4199-8E12-9E8D7191E9AC}.Debug|x64.Build.0 = Debug|Any CPU
		{F341A53C-8081-4199-8E12-9E8D7191E9AC}.Debug|x86.ActiveCfg = Debug|Any CPU
		{F341A53C-8081-4199-8E12-9E8D7191E9AC}.Debug|x86.Build.0 = Debug|Any CPU
		{F341A53C-8081-4199-8E12-9E8D7191E9AC}.Release|Any CPU.ActiveCfg = Release|Any CPU
		{F341A53C-8081-4199-8E12-9E8D7191E9AC}.Release|Any CPU.Build.0 = Release|Any CPU
		{F341A53C-8081-4199-8E12-9E8D7191E9AC}.Release|x64.ActiveCfg = Release|Any CPU
		{F341A53C-8081-4199-8E12-9E8D7191E9AC}.Release|x64.Build.0 = Release|Any CPU
		{F341A53C-8081-4199-8E12-9E8D7191E9AC}.Release|x86.ActiveCfg = Release|Any CPU
		{F341A53C-8081-4199-8E12-9E8D7191E9AC}.Release|x86.Build.0 = Release|Any CPU
		{9C80C915-8F4B-42DB-8965-0F7142EDCF59}.Debug|Any CPU.ActiveCfg = Debug|Any CPU
		{9C80C915-8F4B-42DB-8965-0F7142EDCF59}.Debug|Any CPU.Build.0 = Debug|Any CPU
		{9C80C915-8F4B-42DB-8965-0F7142EDCF59}.Debug|x64.ActiveCfg = Debug|Any CPU
		{9C80C915-8F4B-42DB-8965-0F7142EDCF59}.Debug|x64.Build.0 = Debug|Any CPU
		{9C80C915-8F4B-42DB-8965-0F7142EDCF59}.Debug|x86.ActiveCfg = Debug|Any CPU
		{9C80C915-8F4B-42DB-8965-0F7142EDCF59}.Debug|x86.Build.0 = Debug|Any CPU
		{9C80C915-8F4B-42DB-8965-0F7142EDCF59}.Release|Any CPU.ActiveCfg = Release|Any CPU
		{9C80C915-8F4B-42DB-8965-0F7142EDCF59}.Release|Any CPU.Build.0 = Release|Any CPU
		{9C80C915-8F4B-42DB-8965-0F7142EDCF59}.Release|x64.ActiveCfg = Release|Any CPU
		{9C80C915-8F4B-42DB-8965-0F7142EDCF59}.Release|x64.Build.0 = Release|Any CPU
		{9C80C915-8F4B-42DB-8965-0F7142EDCF59}.Release|x86.ActiveCfg = Release|Any CPU
		{9C80C915-8F4B-42DB-8965-0F7142EDCF59}.Release|x86.Build.0 = Release|Any CPU
	EndGlobalSection
	GlobalSection(SolutionProperties) = preSolution
		HideSolutionNode = FALSE
	EndGlobalSection
	GlobalSection(ExtensibilityGlobals) = postSolution
		SolutionGuid = {F33F47ED-5D2B-49F9-8B2E-451D6A180C81}
	EndGlobalSection
EndGlobal
